{
    "name": "simple-semantics",
    "version": "0.0.1",
    "lockfileVersion": 3,
    "requires": true,
    "packages": {
        "": {
            "name": "simple-semantics",
            "version": "0.0.1",
            "devDependencies": {},
            "engines": {
                "node": ">=18.0.0"
            }
        }
    }
}
